
Microsoft Visual Studio Solution File, Format Version 12.00
# Visual Studio Version 17
VisualStudioVersion = 17.3.32929.385
MinimumVisualStudioVersion = 10.0.40219.1
Project("{FAE04EC0-301F-11D3-BF4B-00C04F79EFBC}") = "la-mia-pizzeria-static", "la-mia-pizzeria-static.csproj", "{EFB53761-BB17-488F-B4B0-B2DAD25FC1C3}"
EndProject
Global
	GlobalSection(SolutionConfigurationPlatforms) = preSolution
		Debug|Any CPU = Debug|Any CPU
		Release|Any CPU = Release|Any CPU
	EndGlobalSection
	GlobalSection(ProjectConfigurationPlatforms) = postSolution
		{EFB53761-BB17-488F-B4B0-B2DAD25FC1C3}.Debug|Any CPU.ActiveCfg = Debug|Any CPU
		{EFB53761-BB17-488F-B4B0-B2DAD25FC1C3}.Debug|Any CPU.Build.0 = Debug|Any CPU
		{EFB53761-BB17-488F-B4B0-B2DAD25FC1C3}.Release|Any CPU.ActiveCfg = Release|Any CPU
		{EFB53761-BB17-488F-B4B0-B2DAD25FC1C3}.Release|Any CPU.Build.0 = Release|Any CPU
	EndGlobalSection
	GlobalSection(SolutionProperties) = preSolution
		HideSolutionNode = FALSE
	EndGlobalSection
	GlobalSection(ExtensibilityGlobals) = postSolution
		SolutionGuid = {F19ECB55-7718-4A59-9117-473990CCC67D}
	EndGlobalSection
EndGlobal
